#MicroXplorer Configuration settings - do not modify
CORTEX_M7.CPU_DCache=Enabled
CORTEX_M7.CPU_ICache=Enabled
CORTEX_M7.IPParameters=CPU_ICache,CPU_DCache
Dma.Request0=USART3_RX
Dma.Request1=USART3_TX
Dma.Request2=SPI3_RX
Dma.Request3=SPI3_TX
Dma.Request4=SPI6_RX
Dma.Request5=SPI6_TX
Dma.RequestsNb=6
Dma.SPI3_RX.2.Direction=DMA_PERIPH_TO_MEMORY
Dma.SPI3_RX.2.FIFOMode=DMA_FIFOMODE_DISABLE
Dma.SPI3_RX.2.Instance=DMA1_Stream0
Dma.SPI3_RX.2.MemDataAlignment=DMA_MDATAALIGN_HALFWORD
Dma.SPI3_RX.2.MemInc=DMA_MINC_ENABLE
Dma.SPI3_RX.2.Mode=DMA_NORMAL
Dma.SPI3_RX.2.PeriphDataAlignment=DMA_PDATAALIGN_HALFWORD
Dma.SPI3_RX.2.PeriphInc=DMA_PINC_DISABLE
Dma.SPI3_RX.2.Priority=DMA_PRIORITY_HIGH
Dma.SPI3_RX.2.RequestParameters=Instance,Direction,PeriphInc,MemInc,PeriphDataAlignment,MemDataAlignment,Mode,Priority,FIFOMode
Dma.SPI3_TX.3.Direction=DMA_MEMORY_TO_PERIPH
Dma.SPI3_TX.3.FIFOMode=DMA_FIFOMODE_DISABLE
Dma.SPI3_TX.3.Instance=DMA1_Stream5
Dma.SPI3_TX.3.MemDataAlignment=DMA_MDATAALIGN_HALFWORD
Dma.SPI3_TX.3.MemInc=DMA_MINC_ENABLE
Dma.SPI3_TX.3.Mode=DMA_NORMAL
Dma.SPI3_TX.3.PeriphDataAlignment=DMA_PDATAALIGN_HALFWORD
Dma.SPI3_TX.3.PeriphInc=DMA_PINC_DISABLE
Dma.SPI3_TX.3.Priority=DMA_PRIORITY_HIGH
Dma.SPI3_TX.3.RequestParameters=Instance,Direction,PeriphInc,MemInc,PeriphDataAlignment,MemDataAlignment,Mode,Priority,FIFOMode
Dma.SPI6_RX.4.Direction=DMA_PERIPH_TO_MEMORY
Dma.SPI6_RX.4.FIFOMode=DMA_FIFOMODE_DISABLE
Dma.SPI6_RX.4.Instance=DMA2_Stream6
Dma.SPI6_RX.4.MemDataAlignment=DMA_MDATAALIGN_HALFWORD
Dma.SPI6_RX.4.MemInc=DMA_MINC_ENABLE
Dma.SPI6_RX.4.Mode=DMA_NORMAL
Dma.SPI6_RX.4.PeriphDataAlignment=DMA_PDATAALIGN_HALFWORD
Dma.SPI6_RX.4.PeriphInc=DMA_PINC_DISABLE
Dma.SPI6_RX.4.Priority=DMA_PRIORITY_LOW
Dma.SPI6_RX.4.RequestParameters=Instance,Direction,PeriphInc,MemInc,PeriphDataAlignment,MemDataAlignment,Mode,Priority,FIFOMode
Dma.SPI6_TX.5.Direction=DMA_MEMORY_TO_PERIPH
Dma.SPI6_TX.5.FIFOMode=DMA_FIFOMODE_DISABLE
Dma.SPI6_TX.5.Instance=DMA2_Stream5
Dma.SPI6_TX.5.MemDataAlignment=DMA_MDATAALIGN_HALFWORD
Dma.SPI6_TX.5.MemInc=DMA_MINC_ENABLE
Dma.SPI6_TX.5.Mode=DMA_NORMAL
Dma.SPI6_TX.5.PeriphDataAlignment=DMA_PDATAALIGN_HALFWORD
Dma.SPI6_TX.5.PeriphInc=DMA_PINC_DISABLE
Dma.SPI6_TX.5.Priority=DMA_PRIORITY_LOW
Dma.SPI6_TX.5.RequestParameters=Instance,Direction,PeriphInc,MemInc,PeriphDataAlignment,MemDataAlignment,Mode,Priority,FIFOMode
Dma.USART3_RX.0.Direction=DMA_PERIPH_TO_MEMORY
Dma.USART3_RX.0.FIFOMode=DMA_FIFOMODE_DISABLE
Dma.USART3_RX.0.Instance=DMA1_Stream1
Dma.USART3_RX.0.MemDataAlignment=DMA_MDATAALIGN_BYTE
Dma.USART3_RX.0.MemInc=DMA_MINC_ENABLE
Dma.USART3_RX.0.Mode=DMA_NORMAL
Dma.USART3_RX.0.PeriphDataAlignment=DMA_PDATAALIGN_BYTE
Dma.USART3_RX.0.PeriphInc=DMA_PINC_DISABLE
Dma.USART3_RX.0.Priority=DMA_PRIORITY_HIGH
Dma.USART3_RX.0.RequestParameters=Instance,Direction,PeriphInc,MemInc,PeriphDataAlignment,MemDataAlignment,Mode,Priority,FIFOMode
Dma.USART3_TX.1.Direction=DMA_MEMORY_TO_PERIPH
Dma.USART3_TX.1.FIFOMode=DMA_FIFOMODE_DISABLE
Dma.USART3_TX.1.Instance=DMA1_Stream4
Dma.USART3_TX.1.MemDataAlignment=DMA_MDATAALIGN_BYTE
Dma.USART3_TX.1.MemInc=DMA_MINC_ENABLE
Dma.USART3_TX.1.Mode=DMA_NORMAL
Dma.USART3_TX.1.PeriphDataAlignment=DMA_PDATAALIGN_BYTE
Dma.USART3_TX.1.PeriphInc=DMA_PINC_DISABLE
Dma.USART3_TX.1.Priority=DMA_PRIORITY_MEDIUM
Dma.USART3_TX.1.RequestParameters=Instance,Direction,PeriphInc,MemInc,PeriphDataAlignment,MemDataAlignment,Mode,Priority,FIFOMode
FREERTOS.FootprintOK=true
FREERTOS.INCLUDE_vTaskDelayUntil=1
FREERTOS.IPParameters=Tasks01,MEMORY_ALLOCATION,INCLUDE_vTaskDelayUntil,FootprintOK
FREERTOS.MEMORY_ALLOCATION=1
FREERTOS.Tasks01=sendTask,-1,2048,sendTaskFunc,Default,NULL,Static,sendTaskBuffer,sendTaskControlBlock;EthPacketTask,0,2048,EthPacketTaskFunc,Default,NULL,Static,EthPacketTaskBuffer,EthPacketTaskControlBlock;EthCyclicTask,1,2048,EthCyclicTaskFunc,Default,NULL,Static,EthCyclicTaskBuffer,EthCyclicTaskControlBlock
File.Version=6
KeepUserPlacement=false
Mcu.Family=STM32F7
Mcu.IP0=CORTEX_M7
Mcu.IP1=DMA
Mcu.IP10=SPI6
Mcu.IP11=SYS
Mcu.IP12=TIM1
Mcu.IP13=TIM2
Mcu.IP14=TIM3
Mcu.IP15=TIM4
Mcu.IP16=TIM5
Mcu.IP17=USART3
Mcu.IP2=FREERTOS
Mcu.IP3=NVIC
Mcu.IP4=RCC
Mcu.IP5=SPI1
Mcu.IP6=SPI2
Mcu.IP7=SPI3
Mcu.IP8=SPI4
Mcu.IP9=SPI5
Mcu.IPNb=18
Mcu.Name=STM32F767ZITx
Mcu.Package=LQFP144
Mcu.Pin0=PE2
Mcu.Pin1=PE3
Mcu.Pin10=PC3
Mcu.Pin11=PA0/WKUP
Mcu.Pin12=PA1
Mcu.Pin13=PA5
Mcu.Pin14=PA6
Mcu.Pin15=PA7
Mcu.Pin16=PB0
Mcu.Pin17=PF11
Mcu.Pin18=PF12
Mcu.Pin19=PF14
Mcu.Pin2=PE4
Mcu.Pin20=PF15
Mcu.Pin21=PE9
Mcu.Pin22=PE11
Mcu.Pin23=PB14
Mcu.Pin24=PD8
Mcu.Pin25=PD9
Mcu.Pin26=PD12
Mcu.Pin27=PD13
Mcu.Pin28=PD14
Mcu.Pin29=PG2
Mcu.Pin3=PE5
Mcu.Pin30=PG3
Mcu.Pin31=PG4
Mcu.Pin32=PG5
Mcu.Pin33=PG6
Mcu.Pin34=PG7
Mcu.Pin35=PG8
Mcu.Pin36=PC6
Mcu.Pin37=PC7
Mcu.Pin38=PC9
Mcu.Pin39=PA10
Mcu.Pin4=PE6
Mcu.Pin40=PC10
Mcu.Pin41=PC11
Mcu.Pin42=PC12
Mcu.Pin43=PD0
Mcu.Pin44=PD1
Mcu.Pin45=PD2
Mcu.Pin46=PD3
Mcu.Pin47=PD4
Mcu.Pin48=PD5
Mcu.Pin49=PG10
Mcu.Pin5=PC13
Mcu.Pin50=PG11
Mcu.Pin51=PG12
Mcu.Pin52=PG13
Mcu.Pin53=PG14
Mcu.Pin54=PG15
Mcu.Pin55=PB7
Mcu.Pin56=PB9
Mcu.Pin57=PE0
Mcu.Pin58=PE1
Mcu.Pin59=VP_FREERTOS_VS_ENABLE
Mcu.Pin6=PF7
Mcu.Pin60=VP_SYS_VS_tim10
Mcu.Pin61=VP_TIM2_VS_ClockSourceINT
Mcu.Pin7=PF8
Mcu.Pin8=PF9
Mcu.Pin9=PC2
Mcu.PinsNb=62
Mcu.ThirdPartyNb=0
Mcu.UserConstants=
Mcu.UserName=STM32F767ZITx
MxCube.Version=4.25.0
MxDb.Version=DB.4.0.250
NVIC.BusFault_IRQn=true\:0\:0\:false\:false\:true\:false\:false
NVIC.DMA1_Stream0_IRQn=true\:5\:0\:false\:false\:true\:true\:false
NVIC.DMA1_Stream1_IRQn=true\:5\:0\:false\:false\:true\:true\:false
NVIC.DMA1_Stream4_IRQn=true\:5\:0\:false\:false\:true\:true\:false
NVIC.DMA1_Stream5_IRQn=true\:5\:0\:false\:false\:true\:true\:false
NVIC.DMA2_Stream5_IRQn=true\:5\:0\:false\:false\:true\:true\:false
NVIC.DMA2_Stream6_IRQn=true\:5\:0\:false\:false\:true\:true\:false
NVIC.DebugMonitor_IRQn=true\:0\:0\:false\:false\:true\:false\:false
NVIC.EXTI15_10_IRQn=true\:6\:0\:true\:false\:true\:true\:true
NVIC.EXTI2_IRQn=true\:5\:0\:false\:false\:true\:true\:true
NVIC.HardFault_IRQn=true\:0\:0\:false\:false\:true\:false\:false
NVIC.MemoryManagement_IRQn=true\:0\:0\:false\:false\:true\:false\:false
NVIC.NonMaskableInt_IRQn=true\:0\:0\:false\:false\:true\:false\:false
NVIC.PendSV_IRQn=true\:15\:0\:false\:false\:false\:true\:false
NVIC.PriorityGroup=NVIC_PRIORITYGROUP_4
NVIC.SPI1_IRQn=true\:6\:0\:true\:false\:true\:true\:true
NVIC.SPI5_IRQn=true\:5\:0\:false\:false\:true\:true\:true
NVIC.SVCall_IRQn=true\:0\:0\:false\:false\:false\:false\:false
NVIC.SysTick_IRQn=true\:15\:0\:false\:false\:true\:true\:false
NVIC.TIM1_UP_TIM10_IRQn=true\:0\:0\:false\:false\:true\:false\:false
NVIC.TimeBase=TIM1_UP_TIM10_IRQn
NVIC.TimeBaseIP=TIM10
NVIC.USART3_IRQn=true\:15\:0\:true\:false\:true\:true\:true
NVIC.UsageFault_IRQn=true\:0\:0\:false\:false\:true\:false\:false
PA0/WKUP.GPIOParameters=GPIO_Label
PA0/WKUP.GPIO_Label=ANGLE_3_A
PA0/WKUP.Locked=true
PA0/WKUP.Signal=S_TIM5_CH1
PA1.GPIOParameters=GPIO_Label
PA1.GPIO_Label=ANGLE_3_B
PA1.Locked=true
PA1.Signal=S_TIM5_CH2
PA10.GPIOParameters=PinState,GPIO_Label
PA10.GPIO_Label=PRESSURE_CS
PA10.Locked=true
PA10.PinState=GPIO_PIN_SET
PA10.Signal=GPIO_Output
PA5.GPIOParameters=GPIO_Label
PA5.GPIO_Label=SPM_SCK
PA5.Locked=true
PA5.Mode=Full_Duplex_Master
PA5.Signal=SPI1_SCK
PA6.GPIOParameters=GPIO_Label
PA6.GPIO_Label=SPM_MISO
PA6.Locked=true
PA6.Mode=Full_Duplex_Master
PA6.Signal=SPI1_MISO
PA7.GPIOParameters=GPIO_Label
PA7.GPIO_Label=SPM_MOSI
PA7.Locked=true
PA7.Mode=Full_Duplex_Master
PA7.Signal=SPI1_MOSI
PB0.GPIOParameters=PinState,GPIO_Label
PB0.GPIO_Label=LED1
PB0.Locked=true
PB0.PinState=GPIO_PIN_SET
PB0.Signal=GPIO_Output
PB14.GPIOParameters=PinState,GPIO_Label
PB14.GPIO_Label=LED3
PB14.Locked=true
PB14.PinState=GPIO_PIN_SET
PB14.Signal=GPIO_Output
PB7.GPIOParameters=PinState,GPIO_Label,GPIO_FM7
PB7.GPIO_FM7=__NULL
PB7.GPIO_Label=LED2
PB7.Locked=true
PB7.PinState=GPIO_PIN_SET
PB7.Signal=GPIO_Output
PB9.GPIOParameters=PinState,GPIO_Label
PB9.GPIO_Label=ANGLE_3_CS
PB9.Locked=true
PB9.PinState=GPIO_PIN_SET
PB9.Signal=GPIO_Output
PC10.GPIOParameters=GPIO_Label
PC10.GPIO_Label=AD_SCK
PC10.Locked=true
PC10.Mode=Full_Duplex_Master
PC10.Signal=SPI3_SCK
PC11.GPIOParameters=GPIO_Label
PC11.GPIO_Label=AD_MISO
PC11.Locked=true
PC11.Mode=Full_Duplex_Master
PC11.Signal=SPI3_MISO
PC12.GPIOParameters=GPIO_Label
PC12.GPIO_Label=AD_MOSI
PC12.Locked=true
PC12.Mode=Full_Duplex_Master
PC12.Signal=SPI3_MOSI
PC13.GPIOParameters=GPIO_PuPd,GPIO_Label
PC13.GPIO_Label=BUTTON
PC13.GPIO_PuPd=GPIO_NOPULL
PC13.Locked=true
PC13.Signal=GPXTI13
PC2.GPIOParameters=GPIO_Label
PC2.GPIO_Label=IMU_MISO
PC2.Locked=true
PC2.Mode=Full_Duplex_Master
PC2.Signal=SPI2_MISO
PC3.GPIOParameters=GPIO_Label
PC3.GPIO_Label=IMU_MOSI
PC3.Locked=true
PC3.Mode=Full_Duplex_Master
PC3.Signal=SPI2_MOSI
PC6.GPIOParameters=GPIO_Label
PC6.GPIO_Label=ANGLE_1_A
PC6.Locked=true
PC6.Signal=S_TIM3_CH1
PC7.GPIOParameters=GPIO_Label
PC7.GPIO_Label=ANGLE_1_B
PC7.Locked=true
PC7.Signal=S_TIM3_CH2
PC9.GPIOParameters=PinState,GPIO_Label
PC9.GPIO_Label=AD_CS
PC9.Locked=true
PC9.PinState=GPIO_PIN_SET
PC9.Signal=GPIO_Output
PCC.Checker=false
PCC.Line=STM32F7x7
PCC.MCU=STM32F767ZITx
PCC.PartNumber=STM32F767ZITx
PCC.Seq0=0
PCC.Series=STM32F7
PCC.Temperature=25
PCC.Vdd=3.3
PD0.GPIOParameters=PinState,GPIO_Label
PD0.GPIO_Label=IMU_3_CS
PD0.Locked=true
PD0.PinState=GPIO_PIN_SET
PD0.Signal=GPIO_Output
PD1.GPIOParameters=PinState,GPIO_Label
PD1.GPIO_Label=IMU_2_CS
PD1.Locked=true
PD1.PinState=GPIO_PIN_SET
PD1.Signal=GPIO_Output
PD12.GPIOParameters=GPIO_Label
PD12.GPIO_Label=ANGLE_2_A
PD12.Locked=true
PD12.Signal=S_TIM4_CH1
PD13.GPIOParameters=GPIO_Label
PD13.GPIO_Label=ANGLE_2_B
PD13.Locked=true
PD13.Signal=S_TIM4_CH2
PD14.GPIOParameters=GPIO_Speed,PinState,GPIO_PuPd,GPIO_Label,GPIO_ModeDefaultOutputPP
PD14.GPIO_Label=SPM_CS
PD14.GPIO_ModeDefaultOutputPP=GPIO_MODE_OUTPUT_PP
PD14.GPIO_PuPd=GPIO_NOPULL
PD14.GPIO_Speed=GPIO_SPEED_FREQ_LOW
PD14.Locked=true
PD14.PinState=GPIO_PIN_SET
PD14.Signal=GPIO_Output
PD2.GPIOParameters=GPIO_PuPd,GPIO_Label
PD2.GPIO_Label=AD_BUSY
PD2.GPIO_PuPd=GPIO_NOPULL
PD2.Locked=true
PD2.Signal=GPXTI2
PD3.GPIOParameters=GPIO_Label
PD3.GPIO_Label=IMU_SCK
PD3.Locked=true
PD3.Mode=Full_Duplex_Master
PD3.Signal=SPI2_SCK
PD4.GPIOParameters=PinState,GPIO_Label
PD4.GPIO_Label=IMU_0_CS
PD4.Locked=true
PD4.PinState=GPIO_PIN_SET
PD4.Signal=GPIO_Output
PD5.GPIOParameters=PinState,GPIO_Label
PD5.GPIO_Label=IMU_1_CS
PD5.Locked=true
PD5.PinState=GPIO_PIN_SET
PD5.Signal=GPIO_Output
PD8.GPIOParameters=GPIO_PuPd
PD8.GPIO_PuPd=GPIO_PULLUP
PD8.Locked=true
PD8.Mode=Asynchronous
PD8.Signal=USART3_TX
PD9.GPIOParameters=GPIO_PuPd
PD9.GPIO_PuPd=GPIO_PULLUP
PD9.Locked=true
PD9.Mode=Asynchronous
PD9.Signal=USART3_RX
PE0.GPIOParameters=PinState,GPIO_Label
PE0.GPIO_Label=ANGLE_2_CS
PE0.Locked=true
PE0.PinState=GPIO_PIN_SET
PE0.Signal=GPIO_Output
PE1.GPIOParameters=PinState,GPIO_Label
PE1.GPIO_Label=ANGLE_1_CS
PE1.Locked=true
PE1.PinState=GPIO_PIN_SET
PE1.Signal=GPIO_Output
PE11.GPIOParameters=GPIO_Label
PE11.GPIO_Label=ANGLE_0_B
PE11.Locked=true
PE11.Signal=S_TIM1_CH2
PE2.GPIOParameters=GPIO_Label
PE2.GPIO_Label=ANGLE_SCK
PE2.Locked=true
PE2.Mode=Full_Duplex_Master
PE2.Signal=SPI4_SCK
PE3.GPIOParameters=PinState,GPIO_Label
PE3.GPIO_Label=DA_CS
PE3.Locked=true
PE3.PinState=GPIO_PIN_SET
PE3.Signal=GPIO_Output
PE4.GPIOParameters=PinState,GPIO_Label
PE4.GPIO_Label=ANGLE_0_CS
PE4.Locked=true
PE4.PinState=GPIO_PIN_SET
PE4.Signal=GPIO_Output
PE5.GPIOParameters=GPIO_Label
PE5.GPIO_Label=ANGLE_MISO
PE5.Locked=true
PE5.Mode=Full_Duplex_Master
PE5.Signal=SPI4_MISO
PE6.GPIOParameters=GPIO_Label
PE6.GPIO_Label=ANGLE_MOSI
PE6.Locked=true
PE6.Mode=Full_Duplex_Master
PE6.Signal=SPI4_MOSI
PE9.GPIOParameters=GPIO_Label
PE9.GPIO_Label=ANGLE_0_A
PE9.Locked=true
PE9.Signal=S_TIM1_CH1
PF11.GPIOParameters=GPIO_Label
PF11.GPIO_Label=ANGLE_3_Z
PF11.Locked=true
PF11.Signal=GPXTI11
PF12.GPIOParameters=GPIO_Label
PF12.GPIO_Label=ANGLE_2_Z
PF12.Locked=true
PF12.Signal=GPXTI12
PF14.GPIOParameters=GPIO_PuPd,GPIO_Label
PF14.GPIO_Label=ANGLE_0_Z
PF14.GPIO_PuPd=GPIO_NOPULL
PF14.Locked=true
PF14.Signal=GPXTI14
PF15.GPIOParameters=GPIO_Label
PF15.GPIO_Label=ANGLE_1_Z
PF15.Locked=true
PF15.Signal=GPXTI15
PF7.GPIOParameters=GPIO_Label
PF7.GPIO_Label=DA_SCK
PF7.Locked=true
PF7.Mode=Full_Duplex_Master
PF7.Signal=SPI5_SCK
PF8.GPIOParameters=GPIO_Label
PF8.GPIO_Label=DA_MISO
PF8.Locked=true
PF8.Mode=Full_Duplex_Master
PF8.Signal=SPI5_MISO
PF9.GPIOParameters=GPIO_Label
PF9.GPIO_Label=DA_MOSI
PF9.Locked=true
PF9.Mode=Full_Duplex_Master
PF9.Signal=SPI5_MOSI
PG10.GPIOParameters=PinState,GPIO_Label
PG10.GPIO_Label=PRESSURE_01_CS
PG10.Locked=true
PG10.PinState=GPIO_PIN_SET
PG10.Signal=GPIO_Output
PG11.GPIOParameters=PinState,GPIO_Label
PG11.GPIO_Label=PRESSURE_00_CS
PG11.Locked=true
PG11.PinState=GPIO_PIN_SET
PG11.Signal=GPIO_Output
PG12.GPIOParameters=GPIO_Label
PG12.GPIO_Label=PRESSURE_MISO
PG12.Locked=true
PG12.Mode=Full_Duplex_Master
PG12.Signal=SPI6_MISO
PG13.GPIOParameters=GPIO_Label
PG13.GPIO_Label=PRESSURE_SCK
PG13.Locked=true
PG13.Mode=Full_Duplex_Master
PG13.Signal=SPI6_SCK
PG14.GPIOParameters=GPIO_Label
PG14.GPIO_Label=PRESSURE_MOSI
PG14.Locked=true
PG14.Mode=Full_Duplex_Master
PG14.Signal=SPI6_MOSI
PG15.GPIOParameters=PinState,GPIO_Label
PG15.GPIO_Label=PRESSURE_10_CS
PG15.Locked=true
PG15.PinState=GPIO_PIN_SET
PG15.Signal=GPIO_Output
PG2.GPIOParameters=GPIO_Label
PG2.GPIO_Label=AD_CONV
PG2.Locked=true
PG2.Signal=GPIO_Output
PG3.GPIOParameters=GPIO_Label
PG3.GPIO_Label=AD_RESET
PG3.Locked=true
PG3.Signal=GPIO_Output
PG4.GPIOParameters=PinState,GPIO_Label
PG4.GPIO_Label=PRESSURE_31_CS
PG4.Locked=true
PG4.PinState=GPIO_PIN_SET
PG4.Signal=GPIO_Output
PG5.GPIOParameters=PinState,GPIO_Label
PG5.GPIO_Label=PRESSURE_30_CS
PG5.Locked=true
PG5.PinState=GPIO_PIN_SET
PG5.Signal=GPIO_Output
PG6.GPIOParameters=PinState,GPIO_Label
PG6.GPIO_Label=PRESSURE_21_CS
PG6.Locked=true
PG6.PinState=GPIO_PIN_SET
PG6.Signal=GPIO_Output
PG7.GPIOParameters=PinState,GPIO_Label
PG7.GPIO_Label=PRESSURE_20_CS
PG7.Locked=true
PG7.PinState=GPIO_PIN_SET
PG7.Signal=GPIO_Output
PG8.GPIOParameters=PinState,GPIO_Label
PG8.GPIO_Label=PRESSURE_11_CS
PG8.Locked=true
PG8.PinState=GPIO_PIN_SET
PG8.Signal=GPIO_Output
PinOutPanel.RotationAngle=90
ProjectManager.AskForMigrate=true
ProjectManager.BackupPrevious=false
ProjectManager.CompilerOptimize=3
ProjectManager.ComputerToolchain=false
ProjectManager.CoupleFile=true
ProjectManager.CustomerFirmwarePackage=C\:/Users/40207/STM32Cube/Repository/STM32Cube_FW_F7_V1.11.0
ProjectManager.DefaultFWLocation=true
ProjectManager.DeletePrevious=true
ProjectManager.DeviceId=STM32F767ZITx
ProjectManager.FirmwarePackage=STM32Cube FW_F7 V1.11.0
ProjectManager.FreePins=false
ProjectManager.HalAssertFull=false
ProjectManager.HeapSize=0x200
ProjectManager.KeepUserCode=true
ProjectManager.LastFirmware=true
ProjectManager.LibraryCopy=1
ProjectManager.MainLocation=Src
ProjectManager.PreviousToolchain=SW4STM32
ProjectManager.ProjectBuild=false
ProjectManager.ProjectFileName=F7_Ethercat_RTOS.ioc
ProjectManager.ProjectName=F7_Ethercat_RTOS
ProjectManager.StackSize=0x400
ProjectManager.TargetToolchain=SW4STM32
ProjectManager.ToolChainLocation=
ProjectManager.UnderRoot=true
ProjectManager.functionlistsort=1-MX_GPIO_Init-GPIO-false-HAL-true,2-MX_DMA_Init-DMA-false-HAL-true,3-SystemClock_Config-RCC-false-HAL-false,4-MX_CORTEX_M7_Init-CORTEX_M7-false-HAL-true,5-MX_USART3_UART_Init-USART3-false-HAL-true,6-MX_SPI1_Init-SPI1-false-HAL-true,7-MX_SPI2_Init-SPI2-false-HAL-true,8-MX_SPI3_Init-SPI3-false-HAL-true,9-MX_SPI4_Init-SPI4-false-HAL-true,10-MX_SPI5_Init-SPI5-false-HAL-true,11-MX_TIM4_Init-TIM4-false-HAL-true,12-MX_TIM3_Init-TIM3-false-HAL-true,13-MX_SPI6_Init-SPI6-false-HAL-true,14-MX_TIM5_Init-TIM5-false-HAL-true,15-MX_TIM1_Init-TIM1-false-HAL-true,16-MX_TIM2_Init-TIM2-false-HAL-true
RCC.AHBFreq_Value=216000000
RCC.APB1CLKDivider=RCC_HCLK_DIV4
RCC.APB1Freq_Value=54000000
RCC.APB1TimFreq_Value=108000000
RCC.APB2CLKDivider=RCC_HCLK_DIV2
RCC.APB2Freq_Value=108000000
RCC.APB2TimFreq_Value=216000000
RCC.CECFreq_Value=32786.88524590164
RCC.CortexFreq_Value=216000000
RCC.DFSDMAudioFreq_Value=192000000
RCC.DFSDMFreq_Value=108000000
RCC.EthernetFreq_Value=216000000
RCC.FCLKCortexFreq_Value=216000000
RCC.FamilyName=M
RCC.HCLKFreq_Value=216000000
RCC.HSE_VALUE=25000000
RCC.HSI_VALUE=16000000
RCC.I2C1Freq_Value=54000000
RCC.I2C2Freq_Value=54000000
RCC.I2C3Freq_Value=54000000
RCC.I2C4Freq_Value=54000000
RCC.I2SFreq_Value=192000000
RCC.IPParameters=AHBFreq_Value,APB1CLKDivider,APB1Freq_Value,APB1TimFreq_Value,APB2CLKDivider,APB2Freq_Value,APB2TimFreq_Value,CECFreq_Value,CortexFreq_Value,DFSDMAudioFreq_Value,DFSDMFreq_Value,EthernetFreq_Value,FCLKCortexFreq_Value,FamilyName,HCLKFreq_Value,HSE_VALUE,HSI_VALUE,I2C1Freq_Value,I2C2Freq_Value,I2C3Freq_Value,I2C4Freq_Value,I2SFreq_Value,LCDTFTFreq_Value,LPTIM1Freq_Value,LSE_VALUE,LSI_VALUE,MCO2PinFreq_Value,PLLCLKFreq_Value,PLLI2SPCLKFreq_Value,PLLI2SQCLKFreq_Value,PLLI2SRCLKFreq_Value,PLLI2SRoutputFreq_Value,PLLM,PLLN,PLLQCLKFreq_Value,PLLQoutputFreq_Value,PLLRFreq_Value,PLLSAIPCLKFreq_Value,PLLSAIQCLKFreq_Value,PLLSAIRCLKFreq_Value,PLLSAIoutputFreq_Value,RNGFreq_Value,SAI1Freq_Value,SAI2Freq_Value,SDMMC2Freq_Value,SDMMCFreq_Value,SPDIFRXFreq_Value,SYSCLKFreq_VALUE,SYSCLKSource,UART4Freq_Value,UART5Freq_Value,UART7Freq_Value,UART8Freq_Value,USART1Freq_Value,USART2Freq_Value,USART3Freq_Value,USART6Freq_Value,USBFreq_Value,VCOI2SOutputFreq_Value,VCOInputFreq_Value,VCOOutputFreq_Value,VCOSAIOutputFreq_Value
RCC.LCDTFTFreq_Value=96000000
RCC.LPTIM1Freq_Value=54000000
RCC.LSE_VALUE=32768
RCC.LSI_VALUE=32000
RCC.MCO2PinFreq_Value=216000000
RCC.PLLCLKFreq_Value=216000000
RCC.PLLI2SPCLKFreq_Value=192000000
RCC.PLLI2SQCLKFreq_Value=192000000
RCC.PLLI2SRCLKFreq_Value=192000000
RCC.PLLI2SRoutputFreq_Value=192000000
RCC.PLLM=8
RCC.PLLN=216
RCC.PLLQCLKFreq_Value=216000000
RCC.PLLQoutputFreq_Value=216000000
RCC.PLLRFreq_Value=216000000
RCC.PLLSAIPCLKFreq_Value=192000000
RCC.PLLSAIQCLKFreq_Value=192000000
RCC.PLLSAIRCLKFreq_Value=192000000
RCC.PLLSAIoutputFreq_Value=192000000
RCC.RNGFreq_Value=216000000
RCC.SAI1Freq_Value=192000000
RCC.SAI2Freq_Value=192000000
RCC.SDMMC2Freq_Value=216000000
RCC.SDMMCFreq_Value=216000000
RCC.SPDIFRXFreq_Value=192000000
RCC.SYSCLKFreq_VALUE=216000000
RCC.SYSCLKSource=RCC_SYSCLKSOURCE_PLLCLK
RCC.UART4Freq_Value=54000000
RCC.UART5Freq_Value=54000000
RCC.UART7Freq_Value=54000000
RCC.UART8Freq_Value=54000000
RCC.USART1Freq_Value=108000000
RCC.USART2Freq_Value=54000000
RCC.USART3Freq_Value=54000000
RCC.USART6Freq_Value=108000000
RCC.USBFreq_Value=216000000
RCC.VCOI2SOutputFreq_Value=384000000
RCC.VCOInputFreq_Value=2000000
RCC.VCOOutputFreq_Value=432000000
RCC.VCOSAIOutputFreq_Value=384000000
SH.GPXTI11.0=GPIO_EXTI11
SH.GPXTI11.ConfNb=1
SH.GPXTI12.0=GPIO_EXTI12
SH.GPXTI12.ConfNb=1
SH.GPXTI13.0=GPIO_EXTI13
SH.GPXTI13.ConfNb=1
SH.GPXTI14.0=GPIO_EXTI14
SH.GPXTI14.ConfNb=1
SH.GPXTI15.0=GPIO_EXTI15
SH.GPXTI15.ConfNb=1
SH.GPXTI2.0=GPIO_EXTI2
SH.GPXTI2.ConfNb=1
SH.S_TIM1_CH1.0=TIM1_CH1,Encoder_Interface
SH.S_TIM1_CH1.ConfNb=1
SH.S_TIM1_CH2.0=TIM1_CH2,Encoder_Interface
SH.S_TIM1_CH2.ConfNb=1
SH.S_TIM3_CH1.0=TIM3_CH1,Encoder_Interface
SH.S_TIM3_CH1.ConfNb=1
SH.S_TIM3_CH2.0=TIM3_CH2,Encoder_Interface
SH.S_TIM3_CH2.ConfNb=1
SH.S_TIM4_CH1.0=TIM4_CH1,Encoder_Interface
SH.S_TIM4_CH1.ConfNb=1
SH.S_TIM4_CH2.0=TIM4_CH2,Encoder_Interface
SH.S_TIM4_CH2.ConfNb=1
SH.S_TIM5_CH1.0=TIM5_CH1,Encoder_Interface
SH.S_TIM5_CH1.ConfNb=1
SH.S_TIM5_CH2.0=TIM5_CH2,Encoder_Interface
SH.S_TIM5_CH2.ConfNb=1
SPI1.BaudRatePrescaler=SPI_BAUDRATEPRESCALER_2
SPI1.CLKPhase=SPI_PHASE_2EDGE
SPI1.CLKPolarity=SPI_POLARITY_HIGH
SPI1.CalculateBaudRate=54.0 MBits/s
SPI1.DataSize=SPI_DATASIZE_8BIT
SPI1.Direction=SPI_DIRECTION_2LINES
SPI1.IPParameters=VirtualType,Mode,Direction,CalculateBaudRate,DataSize,BaudRatePrescaler,CLKPolarity,CLKPhase
SPI1.Mode=SPI_MODE_MASTER
SPI1.VirtualType=VM_MASTER
SPI2.BaudRatePrescaler=SPI_BAUDRATEPRESCALER_8
SPI2.CLKPhase=SPI_PHASE_1EDGE
SPI2.CLKPolarity=SPI_POLARITY_LOW
SPI2.CalculateBaudRate=6.75 MBits/s
SPI2.DataSize=SPI_DATASIZE_16BIT
SPI2.Direction=SPI_DIRECTION_2LINES
SPI2.IPParameters=VirtualType,Mode,Direction,CalculateBaudRate,DataSize,BaudRatePrescaler,CLKPolarity,CLKPhase
SPI2.Mode=SPI_MODE_MASTER
SPI2.VirtualType=VM_MASTER
SPI3.BaudRatePrescaler=SPI_BAUDRATEPRESCALER_8
SPI3.CLKPhase=SPI_PHASE_2EDGE
SPI3.CLKPolarity=SPI_POLARITY_HIGH
SPI3.CalculateBaudRate=6.75 MBits/s
SPI3.DataSize=SPI_DATASIZE_16BIT
SPI3.Direction=SPI_DIRECTION_2LINES
SPI3.IPParameters=VirtualType,Mode,Direction,CalculateBaudRate,DataSize,BaudRatePrescaler,CLKPolarity,CLKPhase
SPI3.Mode=SPI_MODE_MASTER
SPI3.VirtualType=VM_MASTER
SPI4.BaudRatePrescaler=SPI_BAUDRATEPRESCALER_128
SPI4.CLKPolarity=SPI_POLARITY_HIGH
SPI4.CalculateBaudRate=843.75 KBits/s
SPI4.DataSize=SPI_DATASIZE_16BIT
SPI4.Direction=SPI_DIRECTION_2LINES
SPI4.IPParameters=VirtualType,Mode,Direction,CalculateBaudRate,DataSize,BaudRatePrescaler,CLKPolarity
SPI4.Mode=SPI_MODE_MASTER
SPI4.VirtualType=VM_MASTER
SPI5.BaudRatePrescaler=SPI_BAUDRATEPRESCALER_8
SPI5.CalculateBaudRate=13.5 MBits/s
SPI5.DataSize=SPI_DATASIZE_16BIT
SPI5.Direction=SPI_DIRECTION_2LINES
SPI5.IPParameters=VirtualType,Mode,Direction,CalculateBaudRate,DataSize,BaudRatePrescaler
SPI5.Mode=SPI_MODE_MASTER
SPI5.VirtualType=VM_MASTER
SPI6.BaudRatePrescaler=SPI_BAUDRATEPRESCALER_128
SPI6.CalculateBaudRate=843.75 KBits/s
SPI6.DataSize=SPI_DATASIZE_16BIT
SPI6.Direction=SPI_DIRECTION_2LINES
SPI6.IPParameters=VirtualType,Mode,Direction,CalculateBaudRate,DataSize,BaudRatePrescaler
SPI6.Mode=SPI_MODE_MASTER
SPI6.VirtualType=VM_MASTER
TIM1.EncoderMode=TIM_ENCODERMODE_TI12
TIM1.IC1Filter=6
TIM1.IC2Filter=6
TIM1.IPParameters=EncoderMode,Period,IC1Filter,IC2Filter
TIM1.Period=0xffff
TIM2.IPParameters=Period,Prescaler
TIM2.Period=0xffffffff
TIM2.Prescaler=107
TIM3.EncoderMode=TIM_ENCODERMODE_TI12
TIM3.IC1Filter=6
TIM3.IC2Filter=6
TIM3.IPParameters=Prescaler,Period,EncoderMode,IC1Filter,IC2Filter
TIM3.Period=65535
TIM3.Prescaler=0
TIM4.EncoderMode=TIM_ENCODERMODE_TI12
TIM4.IC1Filter=6
TIM4.IC2Filter=6
TIM4.IPParameters=EncoderMode,Period,IC1Filter,IC2Filter
TIM4.Period=65535
TIM5.EncoderMode=TIM_ENCODERMODE_TI12
TIM5.IC1Filter=6
TIM5.IC2Filter=6
TIM5.IPParameters=Period,EncoderMode,IC1Filter,IC2Filter
TIM5.Period=0x0000FFFF
USART3.BaudRate=921600
USART3.IPParameters=VirtualMode-Asynchronous,WordLength,BaudRate
USART3.VirtualMode-Asynchronous=VM_ASYNC
USART3.WordLength=WORDLENGTH_8B
VP_FREERTOS_VS_ENABLE.Mode=Enabled
VP_FREERTOS_VS_ENABLE.Signal=FREERTOS_VS_ENABLE
VP_SYS_VS_tim10.Mode=TIM10
VP_SYS_VS_tim10.Signal=SYS_VS_tim10
VP_TIM2_VS_ClockSourceINT.Mode=Internal
VP_TIM2_VS_ClockSourceINT.Signal=TIM2_VS_ClockSourceINT
board=F7_Ethercat_RTOS
